
Microsoft Visual Studio Solution File, Format Version 12.00
# Visual Studio Version 16
VisualStudioVersion = 16.0.30104.148
MinimumVisualStudioVersion = 10.0.40219.1
Project("{8BC9CEB8-8B4A-11D0-8D11-00A0C91BC942}") = "REngine", "REngine.vcxproj", "{257BBD6F-ED47-4178-9B1E-ABEDADA69748}"
EndProject
Project("{8BC9CEB8-8B4A-11D0-8D11-00A0C91BC942}") = "Sandbox", "..\Sandbox\Sandbox.vcxproj", "{336836FC-5F61-48DD-AB3A-E745B7B40A7A}"
EndProject
Global
	GlobalSection(SolutionConfigurationPlatforms) = preSolution
		Debug|x64 = Debug|x64
		Debug|x86 = Debug|x86
		Release|x64 = Release|x64
		Release|x86 = Release|x86
	EndGlobalSection
	GlobalSection(ProjectConfigurationPlatforms) = postSolution
		{257BBD6F-ED47-4178-9B1E-ABEDADA69748}.Debug|x64.ActiveCfg = Debug|x64
		{257BBD6F-ED47-4178-9B1E-ABEDADA69748}.Debug|x64.Build.0 = Debug|x64
		{257BBD6F-ED47-4178-9B1E-ABEDADA69748}.Debug|x86.ActiveCfg = Debug|Win32
		{257BBD6F-ED47-4178-9B1E-ABEDADA69748}.Debug|x86.Build.0 = Debug|Win32
		{257BBD6F-ED47-4178-9B1E-ABEDADA69748}.Release|x64.ActiveCfg = Release|x64
		{257BBD6F-ED47-4178-9B1E-ABEDADA69748}.Release|x64.Build.0 = Release|x64
		{257BBD6F-ED47-4178-9B1E-ABEDADA69748}.Release|x86.ActiveCfg = Release|Win32
		{257BBD6F-ED47-4178-9B1E-ABEDADA69748}.Release|x86.Build.0 = Release|Win32
		{336836FC-5F61-48DD-AB3A-E745B7B40A7A}.Debug|x64.ActiveCfg = Debug|x64
		{336836FC-5F61-48DD-AB3A-E745B7B40A7A}.Debug|x64.Build.0 = Debug|x64
		{336836FC-5F61-48DD-AB3A-E745B7B40A7A}.Debug|x86.ActiveCfg = Debug|Win32
		{336836FC-5F61-48DD-AB3A-E745B7B40A7A}.Debug|x86.Build.0 = Debug|Win32
		{336836FC-5F61-48DD-AB3A-E745B7B40A7A}.Release|x64.ActiveCfg = Release|x64
		{336836FC-5F61-48DD-AB3A-E745B7B40A7A}.Release|x64.Build.0 = Release|x64
		{336836FC-5F61-48DD-AB3A-E745B7B40A7A}.Release|x86.ActiveCfg = Release|Win32
		{336836FC-5F61-48DD-AB3A-E745B7B40A7A}.Release|x86.Build.0 = Release|Win32
	EndGlobalSection
	GlobalSection(SolutionProperties) = preSolution
		HideSolutionNode = FALSE
	EndGlobalSection
	GlobalSection(ExtensibilityGlobals) = postSolution
		SolutionGuid = {8E2EAC60-C129-4D58-A50A-F92548741038}
	EndGlobalSection
EndGlobal
